
Microsoft Visual Studio Solution File, Format Version 12.00
# Visual Studio Version 17
VisualStudioVersion = 17.1.32328.378
MinimumVisualStudioVersion = 10.0.40219.1
Project("{9A19103F-16F7-4668-BE54-9A1E7A4F7556}") = "PiPictureFrame.Core", "PiPictureFrame\PiPictureFrame.Core.csproj", "{5FB823FD-88B4-4D04-9240-CE0779519045}"
EndProject
Project("{2150E333-8FDC-42A3-9474-1A3956D46DE8}") = "Solution Items", "Solution Items", "{6984111F-064C-4781-9612-BBB76C7FBF4C}"
	ProjectSection(SolutionItems) = preProject
		.travis.yml = .travis.yml
		install.sh = install.sh
		LICENSE_1_0.txt = LICENSE_1_0.txt
		PKGBUILD = PKGBUILD
		README.md = README.md
		RunTest.bat = RunTest.bat
	EndProjectSection
EndProject
Project("{D954291E-2A0B-460D-934E-DC6B0785DB48}") = "SethCS", "SethCS\SethCS\SethCS.shproj", "{52089274-B9A2-4A47-A221-C321DEE1CE7F}"
EndProject
Project("{9A19103F-16F7-4668-BE54-9A1E7A4F7556}") = "UnitTests", "UnitTests\UnitTests.csproj", "{3FF77B11-4EA1-4B55-9DE1-19155C9E9AE4}"
EndProject
Project("{FAE04EC0-301F-11D3-BF4B-00C04F79EFBC}") = "LibSethCS", "SethCS\LibSethCS\LibSethCS.csproj", "{296FE0A3-BAEA-4234-AE51-C01EC3F9C153}"
EndProject
Project("{9A19103F-16F7-4668-BE54-9A1E7A4F7556}") = "PiPictureFrame.Web", "PiPictureFrame.Web\PiPictureFrame.Web.csproj", "{39A3B821-BB63-4E42-82D2-496E6A230538}"
EndProject
Project("{9A19103F-16F7-4668-BE54-9A1E7A4F7556}") = "Seth.Analyzer", "SethCS\Seth.Analyzer\Seth.Analyzer.csproj", "{5FD51224-3297-4763-BDC2-F7BCA6311DFE}"
EndProject
Project("{FAE04EC0-301F-11D3-BF4B-00C04F79EFBC}") = "PiPictureFrame.Api", "PiPictureFrame.Api\PiPictureFrame.Api.csproj", "{BCEEFAF9-49EF-4CB2-892B-F87DF1A96A91}"
EndProject
Global
	GlobalSection(SharedMSBuildProjectFiles) = preSolution
		SethCS\SethCS\SethCS.projitems*{296fe0a3-baea-4234-ae51-c01ec3f9c153}*SharedItemsImports = 5
		SethCS\SethCS\SethCS.projitems*{52089274-b9a2-4a47-a221-c321dee1ce7f}*SharedItemsImports = 13
	EndGlobalSection
	GlobalSection(SolutionConfigurationPlatforms) = preSolution
		Debug|Any CPU = Debug|Any CPU
		Release|Any CPU = Release|Any CPU
	EndGlobalSection
	GlobalSection(ProjectConfigurationPlatforms) = postSolution
		{5FB823FD-88B4-4D04-9240-CE0779519045}.Debug|Any CPU.ActiveCfg = Debug|Any CPU
		{5FB823FD-88B4-4D04-9240-CE0779519045}.Debug|Any CPU.Build.0 = Debug|Any CPU
		{5FB823FD-88B4-4D04-9240-CE0779519045}.Release|Any CPU.ActiveCfg = Release|Any CPU
		{5FB823FD-88B4-4D04-9240-CE0779519045}.Release|Any CPU.Build.0 = Release|Any CPU
		{3FF77B11-4EA1-4B55-9DE1-19155C9E9AE4}.Debug|Any CPU.ActiveCfg = Debug|Any CPU
		{3FF77B11-4EA1-4B55-9DE1-19155C9E9AE4}.Debug|Any CPU.Build.0 = Debug|Any CPU
		{3FF77B11-4EA1-4B55-9DE1-19155C9E9AE4}.Release|Any CPU.ActiveCfg = Release|Any CPU
		{3FF77B11-4EA1-4B55-9DE1-19155C9E9AE4}.Release|Any CPU.Build.0 = Release|Any CPU
		{296FE0A3-BAEA-4234-AE51-C01EC3F9C153}.Debug|Any CPU.ActiveCfg = Debug|Any CPU
		{296FE0A3-BAEA-4234-AE51-C01EC3F9C153}.Debug|Any CPU.Build.0 = Debug|Any CPU
		{296FE0A3-BAEA-4234-AE51-C01EC3F9C153}.Release|Any CPU.ActiveCfg = Release|Any CPU
		{296FE0A3-BAEA-4234-AE51-C01EC3F9C153}.Release|Any CPU.Build.0 = Release|Any CPU
		{39A3B821-BB63-4E42-82D2-496E6A230538}.Debug|Any CPU.ActiveCfg = Debug|Any CPU
		{39A3B821-BB63-4E42-82D2-496E6A230538}.Debug|Any CPU.Build.0 = Debug|Any CPU
		{39A3B821-BB63-4E42-82D2-496E6A230538}.Release|Any CPU.ActiveCfg = Release|Any CPU
		{39A3B821-BB63-4E42-82D2-496E6A230538}.Release|Any CPU.Build.0 = Release|Any CPU
		{5FD51224-3297-4763-BDC2-F7BCA6311DFE}.Debug|Any CPU.ActiveCfg = Debug|Any CPU
		{5FD51224-3297-4763-BDC2-F7BCA6311DFE}.Debug|Any CPU.Build.0 = Debug|Any CPU
		{5FD51224-3297-4763-BDC2-F7BCA6311DFE}.Release|Any CPU.ActiveCfg = Release|Any CPU
		{5FD51224-3297-4763-BDC2-F7BCA6311DFE}.Release|Any CPU.Build.0 = Release|Any CPU
		{BCEEFAF9-49EF-4CB2-892B-F87DF1A96A91}.Debug|Any CPU.ActiveCfg = Debug|Any CPU
		{BCEEFAF9-49EF-4CB2-892B-F87DF1A96A91}.Debug|Any CPU.Build.0 = Debug|Any CPU
		{BCEEFAF9-49EF-4CB2-892B-F87DF1A96A91}.Release|Any CPU.ActiveCfg = Release|Any CPU
		{BCEEFAF9-49EF-4CB2-892B-F87DF1A96A91}.Release|Any CPU.Build.0 = Release|Any CPU
	EndGlobalSection
	GlobalSection(SolutionProperties) = preSolution
		HideSolutionNode = FALSE
	EndGlobalSection
	GlobalSection(ExtensibilityGlobals) = postSolution
		SolutionGuid = {48BDD84C-D603-43BD-89BD-D3D7E4517D0C}
	EndGlobalSection
EndGlobal
